
Microsoft Visual Studio Solution File, Format Version 12.00
# Visual Studio Version 16
VisualStudioVersion = 16.0.30804.86
MinimumVisualStudioVersion = 10.0.40219.1
Project("{FAE04EC0-301F-11D3-BF4B-00C04F79EFBC}") = "WebBanHang_NoHope", "WebBanHang_NoHope\WebBanHang_NoHope.csproj", "{AD4DD6AA-245C-456D-AF7F-31EF64B7B49A}"
EndProject
Project("{FAE04EC0-301F-11D3-BF4B-00C04F79EFBC}") = "Model", "Model\Model.csproj", "{FAD5D25A-A5B7-4958-B1F9-6C30273F14D2}"
EndProject
Global
	GlobalSection(SolutionConfigurationPlatforms) = preSolution
		Debug|Any CPU = Debug|Any CPU
		Release|Any CPU = Release|Any CPU
	EndGlobalSection
	GlobalSection(ProjectConfigurationPlatforms) = postSolution
		{AD4DD6AA-245C-456D-AF7F-31EF64B7B49A}.Debug|Any CPU.ActiveCfg = Debug|Any CPU
		{AD4DD6AA-245C-456D-AF7F-31EF64B7B49A}.Debug|Any CPU.Build.0 = Debug|Any CPU
		{AD4DD6AA-245C-456D-AF7F-31EF64B7B49A}.Release|Any CPU.ActiveCfg = Release|Any CPU
		{AD4DD6AA-245C-456D-AF7F-31EF64B7B49A}.Release|Any CPU.Build.0 = Release|Any CPU
		{FAD5D25A-A5B7-4958-B1F9-6C30273F14D2}.Debug|Any CPU.ActiveCfg = Debug|Any CPU
		{FAD5D25A-A5B7-4958-B1F9-6C30273F14D2}.Debug|Any CPU.Build.0 = Debug|Any CPU
		{FAD5D25A-A5B7-4958-B1F9-6C30273F14D2}.Release|Any CPU.ActiveCfg = Release|Any CPU
		{FAD5D25A-A5B7-4958-B1F9-6C30273F14D2}.Release|Any CPU.Build.0 = Release|Any CPU
	EndGlobalSection
	GlobalSection(SolutionProperties) = preSolution
		HideSolutionNode = FALSE
	EndGlobalSection
	GlobalSection(ExtensibilityGlobals) = postSolution
		SolutionGuid = {BF24D5AF-91D3-4FDF-975D-C12164176EAE}
	EndGlobalSection
EndGlobal
